
Microsoft Visual Studio Solution File, Format Version 12.00
# Visual Studio Version 17
VisualStudioVersion = 17.4.33213.308
MinimumVisualStudioVersion = 10.0.40219.1
Project("{9A19103F-16F7-4668-BE54-9A1E7A4F7556}") = "WF_HW_Mod3_task3-4", "WF_HW_Mod3_task3-4.csproj", "{BF4DCD55-490A-46B8-83CA-4AB686912341}"
EndProject
Global
	GlobalSection(SolutionConfigurationPlatforms) = preSolution
		Debug|Any CPU = Debug|Any CPU
		Release|Any CPU = Release|Any CPU
	EndGlobalSection
	GlobalSection(ProjectConfigurationPlatforms) = postSolution
		{BF4DCD55-490A-46B8-83CA-4AB686912341}.Debug|Any CPU.ActiveCfg = Debug|Any CPU
		{BF4DCD55-490A-46B8-83CA-4AB686912341}.Debug|Any CPU.Build.0 = Debug|Any CPU
		{BF4DCD55-490A-46B8-83CA-4AB686912341}.Release|Any CPU.ActiveCfg = Release|Any CPU
		{BF4DCD55-490A-46B8-83CA-4AB686912341}.Release|Any CPU.Build.0 = Release|Any CPU
	EndGlobalSection
	GlobalSection(SolutionProperties) = preSolution
		HideSolutionNode = FALSE
	EndGlobalSection
	GlobalSection(ExtensibilityGlobals) = postSolution
		SolutionGuid = {7C4C2909-643F-4E9F-BC4E-CC4EE030C474}
	EndGlobalSection
EndGlobal
